<?xml version="1.0" encoding="utf-8"?>
<Project ToolsVersion="4.0" xmlns="http://schemas.microsoft.com/developer/msbuild/2003">
  <ItemGroup>
    <Filter Include="Source Files">
      <UniqueIdentifier>{4FC737F1-C7A5-4376-A066-2A32D752A2FF}</UniqueIdentifier>
      <Extensions>cpp;c;cc;cxx;def;odl;idl;hpj;bat;asm;asmx</Extensions>
    </Filter>
    <Filter Include="Header Files">
      <UniqueIdentifier>{93995380-89BD-4b04-88EB-625FBE52EBFB}</UniqueIdentifier>
      <Extensions>h;hh;hpp;hxx;hm;inl;inc;xsd</Extensions>
    </Filter>
    <Filter Include="Resource Files">
      <UniqueIdentifier>{67DA6AB6-F800-4c08-8B7A-83BB121AAD01}</UniqueIdentifier>
      <Extensions>rc;ico;cur;bmp;dlg;rc2;rct;bin;rgs;gif;jpg;jpeg;jpe;resx;tiff;tif;png;wav;mfcribbon-ms</Extensions>
    </Filter>
  </ItemGroup>
  <ItemGroup>
    <ClCompile Include="inittab.c">
      <Filter>Source Files</Filter>
    </ClCompile>
    <ClCompile Include="rawvideoplayer.c">
      <Filter>Source Files</Filter>
    </ClCompile>
    <ClCompile Include="rgbtorgba.c">
      <Filter>Source Files</Filter>
    </ClCompile>
    <ClCompile Include="videoout.c">
      <Filter>Source Files</Filter>
    </ClCompile>
    <ClCompile Include="yToRGBA.c">
      <Filter>Source Files</Filter>
    </ClCompile>
    <ClCompile Include="yuv420planartorgba.c">
      <Filter>Source Files</Filter>
    </ClCompile>
    <ClCompile Include="yuv422packedtorgba.c">
      <Filter>Source Files</Filter>
    </ClCompile>
    <ClCompile Include="yuv422planartorgba.c">
      <Filter>Source Files</Filter>
    </ClCompile>
    <ClCompile Include="yuv444packedtorgba.c">
      <Filter>Source Files</Filter>
    </ClCompile>
    <ClCompile Include="yuv444planartorgba.c">
      <Filter>Source Files</Filter>
    </ClCompile>
    <ClCompile Include="yuvconverter.c">
      <Filter>Source Files</Filter>
    </ClCompile>
  </ItemGroup>
  <ItemGroup>
    <ClInclude Include="inittab.h">
      <Filter>Header Files</Filter>
    </ClInclude>
    <ClInclude Include="rawvideoplayer.h">
      <Filter>Header Files</Filter>
    </ClInclude>
    <ClInclude Include="rgbaoffsets.h">
      <Filter>Header Files</Filter>
    </ClInclude>
    <ClInclude Include="rgboffsets.h">
      <Filter>Header Files</Filter>
    </ClInclude>
    <ClInclude Include="videoout.h">
      <Filter>Header Files</Filter>
    </ClInclude>
    <ClInclude Include="yoffsets.h">
      <Filter>Header Files</Filter>
    </ClInclude>
    <ClInclude Include="yuv420offsets.h">
      <Filter>Header Files</Filter>
    </ClInclude>
    <ClInclude Include="yuv422offsets.h">
      <Filter>Header Files</Filter>
    </ClInclude>
    <ClInclude Include="yuv444offsets.h">
      <Filter>Header Files</Filter>
    </ClInclude>
    <ClInclude Include="yuvconverter.h">
      <Filter>Header Files</Filter>
    </ClInclude>
  </ItemGroup>
</Project>